github.com/vitali-fedulov/hyper v1.0.2 h1:BI72cDl8iYcQXwwnVxvrYYo0yhKH1FaaBQQXfFPtY18=
github.com/vitali-fedulov/hyper v1.0.2/go.mod h1:nQqkBaCL7ETNg7c90cbfFeJWoKchMrPejZYr+kiuSQI=
github.com/vitali-fedulov/images4 v1.1.0 h1:y5MHmspq4pjqKqM32dOp+RkWNfnCASAQT4u2khwkyfY=
github.com/vitali-fedulov/images4 v1.1.0/go.mod h1:/VAKZBeMLWZfC2rjWgOb0Q6e6gUzArPAR4l0pKubYAk=
